
Microsoft Visual Studio Solution File, Format Version 12.00
# Visual Studio Version 17
VisualStudioVersion = 17.2.32616.157
MinimumVisualStudioVersion = 10.0.40219.1
Project("{FAE04EC0-301F-11D3-BF4B-00C04F79EFBC}") = "SampleApp", "SampleApp\SampleApp.csproj", "{52A94786-72C3-499F-8F2E-179FDAC16F86}"
EndProject
Global
	GlobalSection(SolutionConfigurationPlatforms) = preSolution
		Debug|Any CPU = Debug|Any CPU
		Release|Any CPU = Release|Any CPU
	EndGlobalSection
	GlobalSection(ProjectConfigurationPlatforms) = postSolution
		{52A94786-72C3-499F-8F2E-179FDAC16F86}.Debug|Any CPU.ActiveCfg = Debug|Any CPU
		{52A94786-72C3-499F-8F2E-179FDAC16F86}.Debug|Any CPU.Build.0 = Debug|Any CPU
		{52A94786-72C3-499F-8F2E-179FDAC16F86}.Release|Any CPU.ActiveCfg = Release|Any CPU
		{52A94786-72C3-499F-8F2E-179FDAC16F86}.Release|Any CPU.Build.0 = Release|Any CPU
	EndGlobalSection
	GlobalSection(SolutionProperties) = preSolution
		HideSolutionNode = FALSE
	EndGlobalSection
	GlobalSection(ExtensibilityGlobals) = postSolution
		SolutionGuid = {81CE35D8-8FB1-42BD-BAE6-C22965EE236A}
	EndGlobalSection
EndGlobal
